
Microsoft Visual Studio Solution File, Format Version 12.00
# Visual Studio Version 16
VisualStudioVersion = 16.0.31205.134
MinimumVisualStudioVersion = 10.0.40219.1
Project("{FAE04EC0-301F-11D3-BF4B-00C04F79EFBC}") = "CodeUpPractice", "CodeUpPractice\CodeUpPractice.csproj", "{248FC5EE-2494-4EC6-ADDF-2A31877B7DCC}"
EndProject
Project("{FAE04EC0-301F-11D3-BF4B-00C04F79EFBC}") = "Practice 1", "Practice 1\Practice 1.csproj", "{61EC935E-A79B-4E6A-B482-E2E117A73FCC}"
EndProject
Project("{FAE04EC0-301F-11D3-BF4B-00C04F79EFBC}") = "Practice2", "Practice2\Practice2.csproj", "{EFF828B6-4402-44FF-8F9A-C3661568341A}"
EndProject
Global
	GlobalSection(SolutionConfigurationPlatforms) = preSolution
		Debug|Any CPU = Debug|Any CPU
		Release|Any CPU = Release|Any CPU
	EndGlobalSection
	GlobalSection(ProjectConfigurationPlatforms) = postSolution
		{248FC5EE-2494-4EC6-ADDF-2A31877B7DCC}.Debug|Any CPU.ActiveCfg = Debug|Any CPU
		{248FC5EE-2494-4EC6-ADDF-2A31877B7DCC}.Debug|Any CPU.Build.0 = Debug|Any CPU
		{248FC5EE-2494-4EC6-ADDF-2A31877B7DCC}.Release|Any CPU.ActiveCfg = Release|Any CPU
		{248FC5EE-2494-4EC6-ADDF-2A31877B7DCC}.Release|Any CPU.Build.0 = Release|Any CPU
		{61EC935E-A79B-4E6A-B482-E2E117A73FCC}.Debug|Any CPU.ActiveCfg = Debug|Any CPU
		{61EC935E-A79B-4E6A-B482-E2E117A73FCC}.Debug|Any CPU.Build.0 = Debug|Any CPU
		{61EC935E-A79B-4E6A-B482-E2E117A73FCC}.Release|Any CPU.ActiveCfg = Release|Any CPU
		{61EC935E-A79B-4E6A-B482-E2E117A73FCC}.Release|Any CPU.Build.0 = Release|Any CPU
		{EFF828B6-4402-44FF-8F9A-C3661568341A}.Debug|Any CPU.ActiveCfg = Debug|Any CPU
		{EFF828B6-4402-44FF-8F9A-C3661568341A}.Debug|Any CPU.Build.0 = Debug|Any CPU
		{EFF828B6-4402-44FF-8F9A-C3661568341A}.Release|Any CPU.ActiveCfg = Release|Any CPU
		{EFF828B6-4402-44FF-8F9A-C3661568341A}.Release|Any CPU.Build.0 = Release|Any CPU
	EndGlobalSection
	GlobalSection(SolutionProperties) = preSolution
		HideSolutionNode = FALSE
	EndGlobalSection
	GlobalSection(ExtensibilityGlobals) = postSolution
		SolutionGuid = {BE10558B-3CCC-4313-A466-AA7D266F4684}
	EndGlobalSection
EndGlobal
